
Microsoft Visual Studio Solution File, Format Version 10.00
# Visual Studio 2008
Project("{FAE04EC0-301F-11D3-BF4B-00C04F79EFBC}") = "Gibbed.SaintsRow2.Resolution", "Gibbed.SaintsRow2.Resolution\Gibbed.SaintsRow2.Resolution.csproj", "{6AA32711-E7FD-4E23-AB50-5545B6934592}"
EndProject
Project("{FAE04EC0-301F-11D3-BF4B-00C04F79EFBC}") = "Gibbed.SaintsRow2.Helpers", "Gibbed.SaintsRow2.Helpers\Gibbed.SaintsRow2.Helpers.csproj", "{CC72B954-00C2-4399-A8DD-D30C198FFE1C}"
EndProject
Project("{FAE04EC0-301F-11D3-BF4B-00C04F79EFBC}") = "Gibbed.SaintsRow2.Tester", "Gibbed.SaintsRow2.Tester\Gibbed.SaintsRow2.Tester.csproj", "{DC2D90ED-A075-4B6A-AB8A-498EFFF76561}"
EndProject
Project("{FAE04EC0-301F-11D3-BF4B-00C04F79EFBC}") = "Gibbed.SaintsRow2.ExtractPackage", "Gibbed.SaintsRow2.ExtractPackage\Gibbed.SaintsRow2.ExtractPackage.csproj", "{938CCE43-1D82-4C60-B089-D199B6FE06CF}"
EndProject
Project("{FAE04EC0-301F-11D3-BF4B-00C04F79EFBC}") = "Gibbed.SaintsRow2.FileFormats", "Gibbed.SaintsRow2.FileFormats\Gibbed.SaintsRow2.FileFormats.csproj", "{99467BAB-01BD-4F91-A9DA-F662674ADFE8}"
EndProject
Project("{FAE04EC0-301F-11D3-BF4B-00C04F79EFBC}") = "Gibbed.SaintsRow2.BuildPackage", "Gibbed.SaintsRow2.BuildPackage\Gibbed.SaintsRow2.BuildPackage.csproj", "{E1098B4F-497B-464E-8452-2F5F7E491A96}"
EndProject
Project("{FAE04EC0-301F-11D3-BF4B-00C04F79EFBC}") = "Gibbed.SaintsRow2.ConvertPeg", "Gibbed.SaintsRow2.ConvertPeg\Gibbed.SaintsRow2.ConvertPeg.csproj", "{D900744A-22D1-46F6-9157-D585B8C968AE}"
EndProject
Project("{FAE04EC0-301F-11D3-BF4B-00C04F79EFBC}") = "Gibbed.SaintsRow2.ConvertVintDoc", "Gibbed.SaintsRow2.ConvertVintDoc\Gibbed.SaintsRow2.ConvertVintDoc.csproj", "{2496E504-FA12-415F-A6C0-D9DD6FB0B66C}"
EndProject
Project("{FAE04EC0-301F-11D3-BF4B-00C04F79EFBC}") = "Gibbed.SaintsRow2.XmlTable", "Gibbed.SaintsRow2.XmlTable\Gibbed.SaintsRow2.XmlTable.csproj", "{EEB2BFCD-6BFF-4301-B135-4C5C4FF82190}"
EndProject
Global
	GlobalSection(SolutionConfigurationPlatforms) = preSolution
		Debug|Any CPU = Debug|Any CPU
		Debug|Mixed Platforms = Debug|Mixed Platforms
		Debug|x86 = Debug|x86
		Release|Any CPU = Release|Any CPU
		Release|Mixed Platforms = Release|Mixed Platforms
		Release|x86 = Release|x86
	EndGlobalSection
	GlobalSection(ProjectConfigurationPlatforms) = postSolution
		{6AA32711-E7FD-4E23-AB50-5545B6934592}.Debug|Any CPU.ActiveCfg = Debug|Any CPU
		{6AA32711-E7FD-4E23-AB50-5545B6934592}.Debug|Mixed Platforms.ActiveCfg = Debug|Any CPU
		{6AA32711-E7FD-4E23-AB50-5545B6934592}.Debug|Mixed Platforms.Build.0 = Debug|Any CPU
		{6AA32711-E7FD-4E23-AB50-5545B6934592}.Debug|x86.ActiveCfg = Debug|Any CPU
		{6AA32711-E7FD-4E23-AB50-5545B6934592}.Release|Any CPU.ActiveCfg = Release|Any CPU
		{6AA32711-E7FD-4E23-AB50-5545B6934592}.Release|Any CPU.Build.0 = Release|Any CPU
		{6AA32711-E7FD-4E23-AB50-5545B6934592}.Release|Mixed Platforms.ActiveCfg = Release|Any CPU
		{6AA32711-E7FD-4E23-AB50-5545B6934592}.Release|Mixed Platforms.Build.0 = Release|Any CPU
		{6AA32711-E7FD-4E23-AB50-5545B6934592}.Release|x86.ActiveCfg = Release|Any CPU
		{CC72B954-00C2-4399-A8DD-D30C198FFE1C}.Debug|Any CPU.ActiveCfg = Debug|Any CPU
		{CC72B954-00C2-4399-A8DD-D30C198FFE1C}.Debug|Any CPU.Build.0 = Debug|Any CPU
		{CC72B954-00C2-4399-A8DD-D30C198FFE1C}.Debug|Mixed Platforms.ActiveCfg = Debug|Any CPU
		{CC72B954-00C2-4399-A8DD-D30C198FFE1C}.Debug|Mixed Platforms.Build.0 = Debug|Any CPU
		{CC72B954-00C2-4399-A8DD-D30C198FFE1C}.Debug|x86.ActiveCfg = Debug|Any CPU
		{CC72B954-00C2-4399-A8DD-D30C198FFE1C}.Release|Any CPU.ActiveCfg = Release|Any CPU
		{CC72B954-00C2-4399-A8DD-D30C198FFE1C}.Release|Any CPU.Build.0 = Release|Any CPU
		{CC72B954-00C2-4399-A8DD-D30C198FFE1C}.Release|Mixed Platforms.ActiveCfg = Release|Any CPU
		{CC72B954-00C2-4399-A8DD-D30C198FFE1C}.Release|Mixed Platforms.Build.0 = Release|Any CPU
		{CC72B954-00C2-4399-A8DD-D30C198FFE1C}.Release|x86.ActiveCfg = Release|Any CPU
		{DC2D90ED-A075-4B6A-AB8A-498EFFF76561}.Debug|Any CPU.ActiveCfg = Debug|Any CPU
		{DC2D90ED-A075-4B6A-AB8A-498EFFF76561}.Debug|Any CPU.Build.0 = Debug|Any CPU
		{DC2D90ED-A075-4B6A-AB8A-498EFFF76561}.Debug|Mixed Platforms.ActiveCfg = Debug|Any CPU
		{DC2D90ED-A075-4B6A-AB8A-498EFFF76561}.Debug|Mixed Platforms.Build.0 = Debug|Any CPU
		{DC2D90ED-A075-4B6A-AB8A-498EFFF76561}.Debug|x86.ActiveCfg = Debug|Any CPU
		{DC2D90ED-A075-4B6A-AB8A-498EFFF76561}.Release|Any CPU.ActiveCfg = Release|Any CPU
		{DC2D90ED-A075-4B6A-AB8A-498EFFF76561}.Release|Any CPU.Build.0 = Release|Any CPU
		{DC2D90ED-A075-4B6A-AB8A-498EFFF76561}.Release|Mixed Platforms.ActiveCfg = Release|Any CPU
		{DC2D90ED-A075-4B6A-AB8A-498EFFF76561}.Release|Mixed Platforms.Build.0 = Release|Any CPU
		{DC2D90ED-A075-4B6A-AB8A-498EFFF76561}.Release|x86.ActiveCfg = Release|Any CPU
		{938CCE43-1D82-4C60-B089-D199B6FE06CF}.Debug|Any CPU.ActiveCfg = Debug|Any CPU
		{938CCE43-1D82-4C60-B089-D199B6FE06CF}.Debug|Any CPU.Build.0 = Debug|Any CPU
		{938CCE43-1D82-4C60-B089-D199B6FE06CF}.Debug|Mixed Platforms.ActiveCfg = Debug|Any CPU
		{938CCE43-1D82-4C60-B089-D199B6FE06CF}.Debug|Mixed Platforms.Build.0 = Debug|Any CPU
		{938CCE43-1D82-4C60-B089-D199B6FE06CF}.Debug|x86.ActiveCfg = Debug|Any CPU
		{938CCE43-1D82-4C60-B089-D199B6FE06CF}.Release|Any CPU.ActiveCfg = Release|Any CPU
		{938CCE43-1D82-4C60-B089-D199B6FE06CF}.Release|Any CPU.Build.0 = Release|Any CPU
		{938CCE43-1D82-4C60-B089-D199B6FE06CF}.Release|Mixed Platforms.ActiveCfg = Release|Any CPU
		{938CCE43-1D82-4C60-B089-D199B6FE06CF}.Release|Mixed Platforms.Build.0 = Release|Any CPU
		{938CCE43-1D82-4C60-B089-D199B6FE06CF}.Release|x86.ActiveCfg = Release|Any CPU
		{99467BAB-01BD-4F91-A9DA-F662674ADFE8}.Debug|Any CPU.ActiveCfg = Debug|Any CPU
		{99467BAB-01BD-4F91-A9DA-F662674ADFE8}.Debug|Any CPU.Build.0 = Debug|Any CPU
		{99467BAB-01BD-4F91-A9DA-F662674ADFE8}.Debug|Mixed Platforms.ActiveCfg = Debug|Any CPU
		{99467BAB-01BD-4F91-A9DA-F662674ADFE8}.Debug|Mixed Platforms.Build.0 = Debug|Any CPU
		{99467BAB-01BD-4F91-A9DA-F662674ADFE8}.Debug|x86.ActiveCfg = Debug|Any CPU
		{99467BAB-01BD-4F91-A9DA-F662674ADFE8}.Release|Any CPU.ActiveCfg = Release|Any CPU
		{99467BAB-01BD-4F91-A9DA-F662674ADFE8}.Release|Any CPU.Build.0 = Release|Any CPU
		{99467BAB-01BD-4F91-A9DA-F662674ADFE8}.Release|Mixed Platforms.ActiveCfg = Release|Any CPU
		{99467BAB-01BD-4F91-A9DA-F662674ADFE8}.Release|Mixed Platforms.Build.0 = Release|Any CPU
		{99467BAB-01BD-4F91-A9DA-F662674ADFE8}.Release|x86.ActiveCfg = Release|Any CPU
		{E1098B4F-497B-464E-8452-2F5F7E491A96}.Debug|Any CPU.ActiveCfg = Debug|Any CPU
		{E1098B4F-497B-464E-8452-2F5F7E491A96}.Debug|Any CPU.Build.0 = Debug|Any CPU
		{E1098B4F-497B-464E-8452-2F5F7E491A96}.Debug|Mixed Platforms.ActiveCfg = Debug|Any CPU
		{E1098B4F-497B-464E-8452-2F5F7E491A96}.Debug|Mixed Platforms.Build.0 = Debug|Any CPU
		{E1098B4F-497B-464E-8452-2F5F7E491A96}.Debug|x86.ActiveCfg = Debug|Any CPU
		{E1098B4F-497B-464E-8452-2F5F7E491A96}.Release|Any CPU.ActiveCfg = Release|Any CPU
		{E1098B4F-497B-464E-8452-2F5F7E491A96}.Release|Any CPU.Build.0 = Release|Any CPU
		{E1098B4F-497B-464E-8452-2F5F7E491A96}.Release|Mixed Platforms.ActiveCfg = Release|Any CPU
		{E1098B4F-497B-464E-8452-2F5F7E491A96}.Release|Mixed Platforms.Build.0 = Release|Any CPU
		{E1098B4F-497B-464E-8452-2F5F7E491A96}.Release|x86.ActiveCfg = Release|Any CPU
		{D900744A-22D1-46F6-9157-D585B8C968AE}.Debug|Any CPU.ActiveCfg = Debug|Any CPU
		{D900744A-22D1-46F6-9157-D585B8C968AE}.Debug|Any CPU.Build.0 = Debug|Any CPU
		{D900744A-22D1-46F6-9157-D585B8C968AE}.Debug|Mixed Platforms.ActiveCfg = Debug|Any CPU
		{D900744A-22D1-46F6-9157-D585B8C968AE}.Debug|Mixed Platforms.Build.0 = Debug|Any CPU
		{D900744A-22D1-46F6-9157-D585B8C968AE}.Debug|x86.ActiveCfg = Debug|Any CPU
		{D900744A-22D1-46F6-9157-D585B8C968AE}.Release|Any CPU.ActiveCfg = Release|Any CPU
		{D900744A-22D1-46F6-9157-D585B8C968AE}.Release|Any CPU.Build.0 = Release|Any CPU
		{D900744A-22D1-46F6-9157-D585B8C968AE}.Release|Mixed Platforms.ActiveCfg = Release|Any CPU
		{D900744A-22D1-46F6-9157-D585B8C968AE}.Release|Mixed Platforms.Build.0 = Release|Any CPU
		{D900744A-22D1-46F6-9157-D585B8C968AE}.Release|x86.ActiveCfg = Release|Any CPU
		{2496E504-FA12-415F-A6C0-D9DD6FB0B66C}.Debug|Any CPU.ActiveCfg = Debug|Any CPU
		{2496E504-FA12-415F-A6C0-D9DD6FB0B66C}.Debug|Any CPU.Build.0 = Debug|Any CPU
		{2496E504-FA12-415F-A6C0-D9DD6FB0B66C}.Debug|Mixed Platforms.ActiveCfg = Debug|Any CPU
		{2496E504-FA12-415F-A6C0-D9DD6FB0B66C}.Debug|Mixed Platforms.Build.0 = Debug|Any CPU
		{2496E504-FA12-415F-A6C0-D9DD6FB0B66C}.Debug|x86.ActiveCfg = Debug|Any CPU
		{2496E504-FA12-415F-A6C0-D9DD6FB0B66C}.Release|Any CPU.ActiveCfg = Release|Any CPU
		{2496E504-FA12-415F-A6C0-D9DD6FB0B66C}.Release|Any CPU.Build.0 = Release|Any CPU
		{2496E504-FA12-415F-A6C0-D9DD6FB0B66C}.Release|Mixed Platforms.ActiveCfg = Release|Any CPU
		{2496E504-FA12-415F-A6C0-D9DD6FB0B66C}.Release|Mixed Platforms.Build.0 = Release|Any CPU
		{2496E504-FA12-415F-A6C0-D9DD6FB0B66C}.Release|x86.ActiveCfg = Release|Any CPU
		{EEB2BFCD-6BFF-4301-B135-4C5C4FF82190}.Debug|Any CPU.ActiveCfg = Debug|Any CPU
		{EEB2BFCD-6BFF-4301-B135-4C5C4FF82190}.Debug|Any CPU.Build.0 = Debug|Any CPU
		{EEB2BFCD-6BFF-4301-B135-4C5C4FF82190}.Debug|Mixed Platforms.ActiveCfg = Debug|Any CPU
		{EEB2BFCD-6BFF-4301-B135-4C5C4FF82190}.Debug|Mixed Platforms.Build.0 = Debug|Any CPU
		{EEB2BFCD-6BFF-4301-B135-4C5C4FF82190}.Debug|x86.ActiveCfg = Debug|Any CPU
		{EEB2BFCD-6BFF-4301-B135-4C5C4FF82190}.Release|Any CPU.ActiveCfg = Release|Any CPU
		{EEB2BFCD-6BFF-4301-B135-4C5C4FF82190}.Release|Any CPU.Build.0 = Release|Any CPU
		{EEB2BFCD-6BFF-4301-B135-4C5C4FF82190}.Release|Mixed Platforms.ActiveCfg = Release|Any CPU
		{EEB2BFCD-6BFF-4301-B135-4C5C4FF82190}.Release|Mixed Platforms.Build.0 = Release|Any CPU
		{EEB2BFCD-6BFF-4301-B135-4C5C4FF82190}.Release|x86.ActiveCfg = Release|Any CPU
	EndGlobalSection
	GlobalSection(SolutionProperties) = preSolution
		HideSolutionNode = FALSE
	EndGlobalSection
EndGlobal
